
Microsoft Visual Studio Solution File, Format Version 12.00
# Visual Studio 15
VisualStudioVersion = 15.0.28307.421
MinimumVisualStudioVersion = 10.0.40219.1
Project("{FAE04EC0-301F-11D3-BF4B-00C04F79EFBC}") = "RootHelpers.AspNetMvc.Pagination", "RootHelpers.AspNetMvc.Pagination\RootHelpers.AspNetMvc.Pagination.csproj", "{91BE3167-2B14-43B0-9F0C-2A4557D28A98}"
EndProject
Global
	GlobalSection(SolutionConfigurationPlatforms) = preSolution
		Debug|Any CPU = Debug|Any CPU
		Release|Any CPU = Release|Any CPU
	EndGlobalSection
	GlobalSection(ProjectConfigurationPlatforms) = postSolution
		{91BE3167-2B14-43B0-9F0C-2A4557D28A98}.Debug|Any CPU.ActiveCfg = Debug|Any CPU
		{91BE3167-2B14-43B0-9F0C-2A4557D28A98}.Debug|Any CPU.Build.0 = Debug|Any CPU
		{91BE3167-2B14-43B0-9F0C-2A4557D28A98}.Release|Any CPU.ActiveCfg = Release|Any CPU
		{91BE3167-2B14-43B0-9F0C-2A4557D28A98}.Release|Any CPU.Build.0 = Release|Any CPU
	EndGlobalSection
	GlobalSection(SolutionProperties) = preSolution
		HideSolutionNode = FALSE
	EndGlobalSection
	GlobalSection(ExtensibilityGlobals) = postSolution
		SolutionGuid = {5C8AC454-BEB6-4FB9-8915-070042FFC730}
	EndGlobalSection
EndGlobal
